
Microsoft Visual Studio Solution File, Format Version 12.00
# Visual Studio Version 17
VisualStudioVersion = 17.14.37027.9 d17.14
MinimumVisualStudioVersion = 10.0.40219.1
Project("{FAE04EC0-301F-11D3-BF4B-00C04F79EFBC}") = "LW1", "LW1\LW1.csproj", "{9507D758-B166-49B6-BF22-BF7EBF5E7DFE}"
EndProject
Global
	GlobalSection(SolutionConfigurationPlatforms) = preSolution
		Debug|Any CPU = Debug|Any CPU
		Release|Any CPU = Release|Any CPU
	EndGlobalSection
	GlobalSection(ProjectConfigurationPlatforms) = postSolution
		{9507D758-B166-49B6-BF22-BF7EBF5E7DFE}.Debug|Any CPU.ActiveCfg = Debug|Any CPU
		{9507D758-B166-49B6-BF22-BF7EBF5E7DFE}.Debug|Any CPU.Build.0 = Debug|Any CPU
		{9507D758-B166-49B6-BF22-BF7EBF5E7DFE}.Release|Any CPU.ActiveCfg = Release|Any CPU
		{9507D758-B166-49B6-BF22-BF7EBF5E7DFE}.Release|Any CPU.Build.0 = Release|Any CPU
	EndGlobalSection
	GlobalSection(SolutionProperties) = preSolution
		HideSolutionNode = FALSE
	EndGlobalSection
	GlobalSection(ExtensibilityGlobals) = postSolution
		SolutionGuid = {C1C758F5-E9E8-47B3-A5E6-B8BA5E8680F6}
	EndGlobalSection
EndGlobal
